# written by make views-sync: the ducktape-views commit the views beside
# this file were built at, and the sha256 of each <id>/view.wasm
rev a2a73e16a15477766e8a76c9e6d9f616b286a624
chat 0bba930463928fd8be0a988fc0a01abd90313ddd8231da59ab1e83c5d302d9e3
files 046a88d8a0978e9f45b151017729e3ac91f8185a84c70a5620bb4272e933ceea
forge c9b5376ac2fdae7823e6335e197fecac3273da8b92e113b2534efef922889c8d
governance 3e450e4203fff29b4be4e6308fd4038da3a361009729ae909a9358bf5ceccabc
inbox 371255ae3dca876d942fc238c1367bb328d1450d510fcdc6da5f9f5c5ed76bc0
pages c5d7dc0d204c12e4b81c0ad3c725e3abb7927a704ed6f1a56d10cbb57620c909
home 238915c34de53769ecffffe65dd5a0e5339f44e25119a8bb22df90bcdf563b0e
canvas 221d22706432f15865d3c1f147815179f57faebcaf86cd1a7ccf15422b4540e4
members d8ddcddfb2905e3437d5ec7a50e13a349861b2f10dcffbfe7d9f78ae3828741e
agents 1fdf74505c35e7596ee546a824cfac2e98c4684149563fb224b5cb5113f2474b
node 83fdd129ed9704f0a2a40678c54efd8e07edd3b0a91b42455a0b204fb1233078
explorer 51cca342523da41f7120948e126801f10e7e89d3e70248d7b3b8e554fc4becfa
settings 7e36436795542c99c5448563847094218940a2320392c30a7adfa2af442fba28
palette 836a415dcdae343b0ad043cdd2463e27f44a424f062f2f33a0ab07e48a52a082
call aee7b10630fb5e3aa1fa1a0dc62d4e4450e2ad8d7e23780c03232972f621b407
