# written by make views-sync: the ducktape-views commit the views beside
# this file were built at, and the sha256 of each <id>/view.wasm
rev 98e9623c2832f4bd51e31030335eadab08409a39
chat b4d8ff600d61c4f661eac078ad0b67c78ef2a1d609e9c1365cdd3a3d86c62d79
files 9b8ab7099301806601aeb43a09d368258414f6c4d72d550138a330df3f40d4ac
forge 3d3abd0467a8236a78df0673a6c3400d70c431d374df8289f43a931a84e9c215
governance 3e450e4203fff29b4be4e6308fd4038da3a361009729ae909a9358bf5ceccabc
inbox 371255ae3dca876d942fc238c1367bb328d1450d510fcdc6da5f9f5c5ed76bc0
pages 3bfa35c316a65d7d5a17570fb824a8319f19937167f1c640d97502011ff81759
home 0485dfe8518cbf139f224b204264554f0a3c5361a2e687d0acec7ca7e67be7cf
canvas 1e4e870ff48c33ff0f48bd2ae520aaa9b9e0139117fd1a9e1120fd56efd09f05
