# written by make views-sync: the ducktape-views commit the views beside
# this file were built at, and the sha256 of each <id>/view.wasm
rev c7e5642423803aeef9d78fe93fdfc1c28edc2279
chat b4d8ff600d61c4f661eac078ad0b67c78ef2a1d609e9c1365cdd3a3d86c62d79
files d4b48223f45d40929942e5dd2473f645465605dcaf242fbe954b81f73c2866cc
forge 3d3abd0467a8236a78df0673a6c3400d70c431d374df8289f43a931a84e9c215
governance 3e450e4203fff29b4be4e6308fd4038da3a361009729ae909a9358bf5ceccabc
inbox 371255ae3dca876d942fc238c1367bb328d1450d510fcdc6da5f9f5c5ed76bc0
pages 3bfa35c316a65d7d5a17570fb824a8319f19937167f1c640d97502011ff81759
home 0485dfe8518cbf139f224b204264554f0a3c5361a2e687d0acec7ca7e67be7cf
canvas 871ad1b961ac1efb0906358a658be230f0c83cb56024dbb680c36c1922576a01
